Microsoft Visual Studio Solution File, Format Version 12.00
# Visual Studio 14
VisualStudioVersion = 14.0.25420.1
MinimumVisualStudioVersion = 10.0.40219.1
Project("{FAE04EC0-301F-11D3-BF4B-00C04F79EFBC}") = "Snowinmars.Common", "Snowinmars.Common\Snowinmars.Common.csproj", "{B672661F-888C-4DA2-BD4F-8AB7C78D8BC3}"
EndProject
Project("{FAE04EC0-301F-11D3-BF4B-00C04F79EFBC}") = "Snowinmars.Entities", "Snowinmars.Entities\Snowinmars.Entities.csproj", "{BB0B33B5-A16B-4AD6-A1CB-24DC9981A69D}"
EndProject
Project("{FAE04EC0-301F-11D3-BF4B-00C04F79EFBC}") = "Snowinmars.Bll.Interfaces", "Snowinmars.Bll.Interfaces\Snowinmars.Bll.Interfaces.csproj", "{67AC64CA-13CB-4BAB-8AE8-FA7CC557B796}"
EndProject
Project("{FAE04EC0-301F-11D3-BF4B-00C04F79EFBC}") = "Snowinmars.Dao.Interfaces", "Snowinmars.Dao.Interfaces\Snowinmars.Dao.Interfaces.csproj", "{C27C80AF-707F-4035-86D9-6A88EC5CD645}"
EndProject
Project("{FAE04EC0-301F-11D3-BF4B-00C04F79EFBC}") = "Snowinmars.Dao", "Snowinmars.Dao\Snowinmars.Dao.csproj", "{864D84A0-E72E-44FD-900E-BAA36CE39D91}"
EndProject
Project("{FAE04EC0-301F-11D3-BF4B-00C04F79EFBC}") = "Snowinmars.Bll", "Snowinmars.Bll\Snowinmars.Bll.csproj", "{A6737D90-70DB-4C6C-B80F-F4A1613DE137}"
EndProject
Project("{FAE04EC0-301F-11D3-BF4B-00C04F79EFBC}") = "Snowinmars.Ui", "Snowinmars.Ui\Snowinmars.Ui.csproj", "{89706D66-EACE-4CF6-9360-C70A3EB30C7E}"
EndProject
Project("{FAE04EC0-301F-11D3-BF4B-00C04F79EFBC}") = "Snowinmars.NinjectRegistrator", "Snowinmars.NinjectRegistrator\Snowinmars.NinjectRegistrator.csproj", "{7BA2CB1B-D02F-4F98-A1AE-F68EC3611DA6}"
EndProject
Project("{FAE04EC0-301F-11D3-BF4B-00C04F79EFBC}") = "Snowinmars.BackgroundWorkers", "Snowinmars.BackgroundWorkers\Snowinmars.BackgroundWorkers.csproj", "{34D1BAEF-F526-4F52-927C-9DB769EA8C2F}"
EndProject
Project("{FAE04EC0-301F-11D3-BF4B-00C04F79EFBC}") = "Snowinmars.Dao.Tests", "Snowinmars.Dao.Tests\Snowinmars.Dao.Tests.csproj", "{B43D40DC-BF8C-4BE5-BFB9-2F65F0793CDE}"
EndProject
Global
	GlobalSection(SolutionConfigurationPlatforms) = preSolution
		Debug|Any CPU = Debug|Any CPU
		Release|Any CPU = Release|Any CPU
	EndGlobalSection
	GlobalSection(ProjectConfigurationPlatforms) = postSolution
		{B672661F-888C-4DA2-BD4F-8AB7C78D8BC3}.Debug|Any CPU.ActiveCfg = Debug|Any CPU
		{B672661F-888C-4DA2-BD4F-8AB7C78D8BC3}.Debug|Any CPU.Build.0 = Debug|Any CPU
		{B672661F-888C-4DA2-BD4F-8AB7C78D8BC3}.Release|Any CPU.ActiveCfg = Release|Any CPU
		{B672661F-888C-4DA2-BD4F-8AB7C78D8BC3}.Release|Any CPU.Build.0 = Release|Any CPU
		{BB0B33B5-A16B-4AD6-A1CB-24DC9981A69D}.Debug|Any CPU.ActiveCfg = Debug|Any CPU
		{BB0B33B5-A16B-4AD6-A1CB-24DC9981A69D}.Debug|Any CPU.Build.0 = Debug|Any CPU
		{BB0B33B5-A16B-4AD6-A1CB-24DC9981A69D}.Release|Any CPU.ActiveCfg = Release|Any CPU
		{BB0B33B5-A16B-4AD6-A1CB-24DC9981A69D}.Release|Any CPU.Build.0 = Release|Any CPU
		{67AC64CA-13CB-4BAB-8AE8-FA7CC557B796}.Debug|Any CPU.ActiveCfg = Debug|Any CPU
		{67AC64CA-13CB-4BAB-8AE8-FA7CC557B796}.Debug|Any CPU.Build.0 = Debug|Any CPU
		{67AC64CA-13CB-4BAB-8AE8-FA7CC557B796}.Release|Any CPU.ActiveCfg = Release|Any CPU
		{67AC64CA-13CB-4BAB-8AE8-FA7CC557B796}.Release|Any CPU.Build.0 = Release|Any CPU
		{C27C80AF-707F-4035-86D9-6A88EC5CD645}.Debug|Any CPU.ActiveCfg = Debug|Any CPU
		{C27C80AF-707F-4035-86D9-6A88EC5CD645}.Debug|Any CPU.Build.0 = Debug|Any CPU
		{C27C80AF-707F-4035-86D9-6A88EC5CD645}.Release|Any CPU.ActiveCfg = Release|Any CPU
		{C27C80AF-707F-4035-86D9-6A88EC5CD645}.Release|Any CPU.Build.0 = Release|Any CPU
		{864D84A0-E72E-44FD-900E-BAA36CE39D91}.Debug|Any CPU.ActiveCfg = Debug|Any CPU
		{864D84A0-E72E-44FD-900E-BAA36CE39D91}.Debug|Any CPU.Build.0 = Debug|Any CPU
		{864D84A0-E72E-44FD-900E-BAA36CE39D91}.Release|Any CPU.ActiveCfg = Release|Any CPU
		{864D84A0-E72E-44FD-900E-BAA36CE39D91}.Release|Any CPU.Build.0 = Release|Any CPU
		{A6737D90-70DB-4C6C-B80F-F4A1613DE137}.Debug|Any CPU.ActiveCfg = Debug|Any CPU
		{A6737D90-70DB-4C6C-B80F-F4A1613DE137}.Debug|Any CPU.Build.0 = Debug|Any CPU
		{A6737D90-70DB-4C6C-B80F-F4A1613DE137}.Release|Any CPU.ActiveCfg = Release|Any CPU
		{A6737D90-70DB-4C6C-B80F-F4A1613DE137}.Release|Any CPU.Build.0 = Release|Any CPU
		{89706D66-EACE-4CF6-9360-C70A3EB30C7E}.Debug|Any CPU.ActiveCfg = Debug|Any CPU
		{89706D66-EACE-4CF6-9360-C70A3EB30C7E}.Debug|Any CPU.Build.0 = Debug|Any CPU
		{89706D66-EACE-4CF6-9360-C70A3EB30C7E}.Release|Any CPU.ActiveCfg = Release|Any CPU
		{89706D66-EACE-4CF6-9360-C70A3EB30C7E}.Release|Any CPU.Build.0 = Release|Any CPU
		{7BA2CB1B-D02F-4F98-A1AE-F68EC3611DA6}.Debug|Any CPU.ActiveCfg = Debug|Any CPU
		{7BA2CB1B-D02F-4F98-A1AE-F68EC3611DA6}.Debug|Any CPU.Build.0 = Debug|Any CPU
		{7BA2CB1B-D02F-4F98-A1AE-F68EC3611DA6}.Release|Any CPU.ActiveCfg = Release|Any CPU
		{7BA2CB1B-D02F-4F98-A1AE-F68EC3611DA6}.Release|Any CPU.Build.0 = Release|Any CPU
		{34D1BAEF-F526-4F52-927C-9DB769EA8C2F}.Debug|Any CPU.ActiveCfg = Debug|Any CPU
		{34D1BAEF-F526-4F52-927C-9DB769EA8C2F}.Debug|Any CPU.Build.0 = Debug|Any CPU
		{34D1BAEF-F526-4F52-927C-9DB769EA8C2F}.Release|Any CPU.ActiveCfg = Release|Any CPU
		{34D1BAEF-F526-4F52-927C-9DB769EA8C2F}.Release|Any CPU.Build.0 = Release|Any CPU
		{B43D40DC-BF8C-4BE5-BFB9-2F65F0793CDE}.Debug|Any CPU.ActiveCfg = Debug|Any CPU
		{B43D40DC-BF8C-4BE5-BFB9-2F65F0793CDE}.Debug|Any CPU.Build.0 = Debug|Any CPU
		{B43D40DC-BF8C-4BE5-BFB9-2F65F0793CDE}.Release|Any CPU.ActiveCfg = Release|Any CPU
		{B43D40DC-BF8C-4BE5-BFB9-2F65F0793CDE}.Release|Any CPU.Build.0 = Release|Any CPU
	EndGlobalSection
	GlobalSection(SolutionProperties) = preSolution
		HideSolutionNode = FALSE
	EndGlobalSection
EndGlobal
