
Microsoft Visual Studio Solution File, Format Version 12.00
# Visual Studio 15
VisualStudioVersion = 15.0.26430.14
MinimumVisualStudioVersion = 10.0.40219.1
Project("{FAE04EC0-301F-11D3-BF4B-00C04F79EFBC}") = "Snowinmars.Common", "Snowinmars.Common\Snowinmars.Common.csproj", "{A7F1ABB3-4273-41D2-8822-21B2E7FA6C6A}"
EndProject
Project("{2150E333-8FDC-42A3-9474-1A3956D46DE8}") = "UserSlice", "UserSlice", "{B6BDB870-5AA4-4431-8702-0278D076BDDD}"
EndProject
Project("{2150E333-8FDC-42A3-9474-1A3956D46DE8}") = "Slices", "Slices", "{DEF8E0F6-1D6E-4464-9C07-B10E02C6416A}"
EndProject
Project("{FAE04EC0-301F-11D3-BF4B-00C04F79EFBC}") = "User.Bll", "Slices\UserSlice\Bll\User.Bll.csproj", "{CC84F04D-0A11-4BBC-8773-DA903B7DE941}"
EndProject
Project("{FAE04EC0-301F-11D3-BF4B-00C04F79EFBC}") = "User.Bll.Interfaces", "Slices\UserSlice\Bll.Interfaces\User.Bll.Interfaces.csproj", "{B88DF01A-6208-4644-9C01-914850229B21}"
EndProject
Project("{FAE04EC0-301F-11D3-BF4B-00C04F79EFBC}") = "User.Dao", "Slices\UserSlice\Dao\User.Dao.csproj", "{0026643B-51A3-4638-B728-3D38351469F8}"
EndProject
Project("{FAE04EC0-301F-11D3-BF4B-00C04F79EFBC}") = "User.Dao.Interfaces", "Slices\UserSlice\Dao.Interfaces\User.Dao.Interfaces.csproj", "{2800F452-1649-4891-822E-1BA512957540}"
EndProject
Project("{2150E333-8FDC-42A3-9474-1A3956D46DE8}") = "AuthorSlice", "AuthorSlice", "{B48C465A-00E1-40DE-BCF5-F62C07D21A72}"
EndProject
Project("{FAE04EC0-301F-11D3-BF4B-00C04F79EFBC}") = "AuthorDao.Interfaces", "Slices\AuthorSlice\Dao.Interfaces\AuthorDao.Interfaces.csproj", "{AC1B696C-02C9-4D31-B5B1-C5CEDF761F95}"
EndProject
Project("{FAE04EC0-301F-11D3-BF4B-00C04F79EFBC}") = "AuthorBll.Interfaces", "Slices\AuthorSlice\Bll.Interfaces\AuthorBll.Interfaces.csproj", "{06C00AAB-74D9-4019-B707-CD5A57699ED2}"
EndProject
Project("{FAE04EC0-301F-11D3-BF4B-00C04F79EFBC}") = "AuthorDao", "Slices\AuthorSlice\Dao\AuthorDao.csproj", "{94584E21-F370-43D0-86E1-16A62600A82B}"
EndProject
Project("{FAE04EC0-301F-11D3-BF4B-00C04F79EFBC}") = "AuthorBll", "Slices\AuthorSlice\Bll\AuthorBll.csproj", "{4499A103-5AA3-4DF9-8DDE-31D51043BE31}"
EndProject
Project("{2150E333-8FDC-42A3-9474-1A3956D46DE8}") = "BookSlice", "BookSlice", "{C4821258-D397-4E29-9DFC-6218C0B3F53B}"
EndProject
Project("{FAE04EC0-301F-11D3-BF4B-00C04F79EFBC}") = "BookDao.Interfaces", "Slices\BookSlice\Dao.Interfaces\BookDao.Interfaces.csproj", "{4CB19D98-F782-4274-80BF-031ACB433D76}"
EndProject
Project("{FAE04EC0-301F-11D3-BF4B-00C04F79EFBC}") = "BookBll.Interfaces", "Slices\BookSlice\Bll.Interfaces\BookBll.Interfaces.csproj", "{F5E0C7A0-4E09-4277-88E4-92C352C127B0}"
EndProject
Project("{FAE04EC0-301F-11D3-BF4B-00C04F79EFBC}") = "BookDao", "Slices\BookSlice\Dao\BookDao.csproj", "{2E0EBC76-84F2-444C-9FAF-EAC2A699126B}"
EndProject
Project("{FAE04EC0-301F-11D3-BF4B-00C04F79EFBC}") = "BookBll", "Slices\BookSlice\Bll\BookBll.csproj", "{D0221307-D67A-499C-9F10-1DE26546BE20}"
EndProject
Project("{FAE04EC0-301F-11D3-BF4B-00C04F79EFBC}") = "AuthorEntities", "Slices\AuthorSlice\AuthorEntities\AuthorEntities.csproj", "{B0B3982B-A3CB-4A8D-AA17-083182FC9104}"
EndProject
Project("{FAE04EC0-301F-11D3-BF4B-00C04F79EFBC}") = "BookEntities", "Slices\BookSlice\BookEntities\BookEntities.csproj", "{5BE6DC52-1EFA-4732-AEF4-6902E811AE71}"
EndProject
Project("{FAE04EC0-301F-11D3-BF4B-00C04F79EFBC}") = "User.Entites", "Slices\UserSlice\UserEntites\User.Entites.csproj", "{6DB2CD4D-C6E3-4AD7-9AEC-7E29EED501F5}"
EndProject
Project("{2150E333-8FDC-42A3-9474-1A3956D46DE8}") = "PathOfExileSlice", "PathOfExileSlice", "{662ED999-FAD4-4897-A910-CF0221BC723B}"
EndProject
Project("{FAE04EC0-301F-11D3-BF4B-00C04F79EFBC}") = "PathOfExileBll", "Slices\PathOfExileSlice\PathOfExileBll\PathOfExileBll.csproj", "{57671043-AA79-4E93-A68D-B0140B5D42D6}"
EndProject
Project("{FAE04EC0-301F-11D3-BF4B-00C04F79EFBC}") = "Snowinmars.NinjectRegistrator", "Snowinmars.NinjectRegistrator\Snowinmars.NinjectRegistrator.csproj", "{488E2E71-BCC5-4EB2-897B-5CEEE7ABE053}"
EndProject
Project("{FAE04EC0-301F-11D3-BF4B-00C04F79EFBC}") = "Snowinmars.Ui", "Snowinmars.Ui\Snowinmars.Ui.csproj", "{89706D66-EACE-4CF6-9360-C70A3EB30C7E}"
EndProject
Global
	GlobalSection(SolutionConfigurationPlatforms) = preSolution
		Debug|Any CPU = Debug|Any CPU
		Release|Any CPU = Release|Any CPU
	EndGlobalSection
	GlobalSection(ProjectConfigurationPlatforms) = postSolution
		{A7F1ABB3-4273-41D2-8822-21B2E7FA6C6A}.Debug|Any CPU.ActiveCfg = Debug|Any CPU
		{A7F1ABB3-4273-41D2-8822-21B2E7FA6C6A}.Debug|Any CPU.Build.0 = Debug|Any CPU
		{A7F1ABB3-4273-41D2-8822-21B2E7FA6C6A}.Release|Any CPU.ActiveCfg = Release|Any CPU
		{A7F1ABB3-4273-41D2-8822-21B2E7FA6C6A}.Release|Any CPU.Build.0 = Release|Any CPU
		{CC84F04D-0A11-4BBC-8773-DA903B7DE941}.Debug|Any CPU.ActiveCfg = Debug|Any CPU
		{CC84F04D-0A11-4BBC-8773-DA903B7DE941}.Debug|Any CPU.Build.0 = Debug|Any CPU
		{CC84F04D-0A11-4BBC-8773-DA903B7DE941}.Release|Any CPU.ActiveCfg = Release|Any CPU
		{CC84F04D-0A11-4BBC-8773-DA903B7DE941}.Release|Any CPU.Build.0 = Release|Any CPU
		{B88DF01A-6208-4644-9C01-914850229B21}.Debug|Any CPU.ActiveCfg = Debug|Any CPU
		{B88DF01A-6208-4644-9C01-914850229B21}.Debug|Any CPU.Build.0 = Debug|Any CPU
		{B88DF01A-6208-4644-9C01-914850229B21}.Release|Any CPU.ActiveCfg = Release|Any CPU
		{B88DF01A-6208-4644-9C01-914850229B21}.Release|Any CPU.Build.0 = Release|Any CPU
		{0026643B-51A3-4638-B728-3D38351469F8}.Debug|Any CPU.ActiveCfg = Debug|Any CPU
		{0026643B-51A3-4638-B728-3D38351469F8}.Debug|Any CPU.Build.0 = Debug|Any CPU
		{0026643B-51A3-4638-B728-3D38351469F8}.Release|Any CPU.ActiveCfg = Release|Any CPU
		{0026643B-51A3-4638-B728-3D38351469F8}.Release|Any CPU.Build.0 = Release|Any CPU
		{2800F452-1649-4891-822E-1BA512957540}.Debug|Any CPU.ActiveCfg = Debug|Any CPU
		{2800F452-1649-4891-822E-1BA512957540}.Debug|Any CPU.Build.0 = Debug|Any CPU
		{2800F452-1649-4891-822E-1BA512957540}.Release|Any CPU.ActiveCfg = Release|Any CPU
		{2800F452-1649-4891-822E-1BA512957540}.Release|Any CPU.Build.0 = Release|Any CPU
		{AC1B696C-02C9-4D31-B5B1-C5CEDF761F95}.Debug|Any CPU.ActiveCfg = Debug|Any CPU
		{AC1B696C-02C9-4D31-B5B1-C5CEDF761F95}.Debug|Any CPU.Build.0 = Debug|Any CPU
		{AC1B696C-02C9-4D31-B5B1-C5CEDF761F95}.Release|Any CPU.ActiveCfg = Release|Any CPU
		{AC1B696C-02C9-4D31-B5B1-C5CEDF761F95}.Release|Any CPU.Build.0 = Release|Any CPU
		{06C00AAB-74D9-4019-B707-CD5A57699ED2}.Debug|Any CPU.ActiveCfg = Debug|Any CPU
		{06C00AAB-74D9-4019-B707-CD5A57699ED2}.Debug|Any CPU.Build.0 = Debug|Any CPU
		{06C00AAB-74D9-4019-B707-CD5A57699ED2}.Release|Any CPU.ActiveCfg = Release|Any CPU
		{06C00AAB-74D9-4019-B707-CD5A57699ED2}.Release|Any CPU.Build.0 = Release|Any CPU
		{94584E21-F370-43D0-86E1-16A62600A82B}.Debug|Any CPU.ActiveCfg = Debug|Any CPU
		{94584E21-F370-43D0-86E1-16A62600A82B}.Debug|Any CPU.Build.0 = Debug|Any CPU
		{94584E21-F370-43D0-86E1-16A62600A82B}.Release|Any CPU.ActiveCfg = Release|Any CPU
		{94584E21-F370-43D0-86E1-16A62600A82B}.Release|Any CPU.Build.0 = Release|Any CPU
		{4499A103-5AA3-4DF9-8DDE-31D51043BE31}.Debug|Any CPU.ActiveCfg = Debug|Any CPU
		{4499A103-5AA3-4DF9-8DDE-31D51043BE31}.Debug|Any CPU.Build.0 = Debug|Any CPU
		{4499A103-5AA3-4DF9-8DDE-31D51043BE31}.Release|Any CPU.ActiveCfg = Release|Any CPU
		{4499A103-5AA3-4DF9-8DDE-31D51043BE31}.Release|Any CPU.Build.0 = Release|Any CPU
		{4CB19D98-F782-4274-80BF-031ACB433D76}.Debug|Any CPU.ActiveCfg = Debug|Any CPU
		{4CB19D98-F782-4274-80BF-031ACB433D76}.Debug|Any CPU.Build.0 = Debug|Any CPU
		{4CB19D98-F782-4274-80BF-031ACB433D76}.Release|Any CPU.ActiveCfg = Release|Any CPU
		{4CB19D98-F782-4274-80BF-031ACB433D76}.Release|Any CPU.Build.0 = Release|Any CPU
		{F5E0C7A0-4E09-4277-88E4-92C352C127B0}.Debug|Any CPU.ActiveCfg = Debug|Any CPU
		{F5E0C7A0-4E09-4277-88E4-92C352C127B0}.Debug|Any CPU.Build.0 = Debug|Any CPU
		{F5E0C7A0-4E09-4277-88E4-92C352C127B0}.Release|Any CPU.ActiveCfg = Release|Any CPU
		{F5E0C7A0-4E09-4277-88E4-92C352C127B0}.Release|Any CPU.Build.0 = Release|Any CPU
		{2E0EBC76-84F2-444C-9FAF-EAC2A699126B}.Debug|Any CPU.ActiveCfg = Debug|Any CPU
		{2E0EBC76-84F2-444C-9FAF-EAC2A699126B}.Debug|Any CPU.Build.0 = Debug|Any CPU
		{2E0EBC76-84F2-444C-9FAF-EAC2A699126B}.Release|Any CPU.ActiveCfg = Release|Any CPU
		{2E0EBC76-84F2-444C-9FAF-EAC2A699126B}.Release|Any CPU.Build.0 = Release|Any CPU
		{D0221307-D67A-499C-9F10-1DE26546BE20}.Debug|Any CPU.ActiveCfg = Debug|Any CPU
		{D0221307-D67A-499C-9F10-1DE26546BE20}.Debug|Any CPU.Build.0 = Debug|Any CPU
		{D0221307-D67A-499C-9F10-1DE26546BE20}.Release|Any CPU.ActiveCfg = Release|Any CPU
		{D0221307-D67A-499C-9F10-1DE26546BE20}.Release|Any CPU.Build.0 = Release|Any CPU
		{B0B3982B-A3CB-4A8D-AA17-083182FC9104}.Debug|Any CPU.ActiveCfg = Debug|Any CPU
		{B0B3982B-A3CB-4A8D-AA17-083182FC9104}.Debug|Any CPU.Build.0 = Debug|Any CPU
		{B0B3982B-A3CB-4A8D-AA17-083182FC9104}.Release|Any CPU.ActiveCfg = Release|Any CPU
		{B0B3982B-A3CB-4A8D-AA17-083182FC9104}.Release|Any CPU.Build.0 = Release|Any CPU
		{5BE6DC52-1EFA-4732-AEF4-6902E811AE71}.Debug|Any CPU.ActiveCfg = Debug|Any CPU
		{5BE6DC52-1EFA-4732-AEF4-6902E811AE71}.Debug|Any CPU.Build.0 = Debug|Any CPU
		{5BE6DC52-1EFA-4732-AEF4-6902E811AE71}.Release|Any CPU.ActiveCfg = Release|Any CPU
		{5BE6DC52-1EFA-4732-AEF4-6902E811AE71}.Release|Any CPU.Build.0 = Release|Any CPU
		{6DB2CD4D-C6E3-4AD7-9AEC-7E29EED501F5}.Debug|Any CPU.ActiveCfg = Debug|Any CPU
		{6DB2CD4D-C6E3-4AD7-9AEC-7E29EED501F5}.Debug|Any CPU.Build.0 = Debug|Any CPU
		{6DB2CD4D-C6E3-4AD7-9AEC-7E29EED501F5}.Release|Any CPU.ActiveCfg = Release|Any CPU
		{6DB2CD4D-C6E3-4AD7-9AEC-7E29EED501F5}.Release|Any CPU.Build.0 = Release|Any CPU
		{57671043-AA79-4E93-A68D-B0140B5D42D6}.Debug|Any CPU.ActiveCfg = Debug|Any CPU
		{57671043-AA79-4E93-A68D-B0140B5D42D6}.Debug|Any CPU.Build.0 = Debug|Any CPU
		{57671043-AA79-4E93-A68D-B0140B5D42D6}.Release|Any CPU.ActiveCfg = Release|Any CPU
		{57671043-AA79-4E93-A68D-B0140B5D42D6}.Release|Any CPU.Build.0 = Release|Any CPU
		{488E2E71-BCC5-4EB2-897B-5CEEE7ABE053}.Debug|Any CPU.ActiveCfg = Debug|Any CPU
		{488E2E71-BCC5-4EB2-897B-5CEEE7ABE053}.Debug|Any CPU.Build.0 = Debug|Any CPU
		{488E2E71-BCC5-4EB2-897B-5CEEE7ABE053}.Release|Any CPU.ActiveCfg = Release|Any CPU
		{488E2E71-BCC5-4EB2-897B-5CEEE7ABE053}.Release|Any CPU.Build.0 = Release|Any CPU
		{89706D66-EACE-4CF6-9360-C70A3EB30C7E}.Debug|Any CPU.ActiveCfg = Debug|Any CPU
		{89706D66-EACE-4CF6-9360-C70A3EB30C7E}.Debug|Any CPU.Build.0 = Debug|Any CPU
		{89706D66-EACE-4CF6-9360-C70A3EB30C7E}.Release|Any CPU.ActiveCfg = Release|Any CPU
		{89706D66-EACE-4CF6-9360-C70A3EB30C7E}.Release|Any CPU.Build.0 = Release|Any CPU
	EndGlobalSection
	GlobalSection(SolutionProperties) = preSolution
		HideSolutionNode = FALSE
	EndGlobalSection
	GlobalSection(NestedProjects) = preSolution
		{B6BDB870-5AA4-4431-8702-0278D076BDDD} = {DEF8E0F6-1D6E-4464-9C07-B10E02C6416A}
		{CC84F04D-0A11-4BBC-8773-DA903B7DE941} = {B6BDB870-5AA4-4431-8702-0278D076BDDD}
		{B88DF01A-6208-4644-9C01-914850229B21} = {B6BDB870-5AA4-4431-8702-0278D076BDDD}
		{0026643B-51A3-4638-B728-3D38351469F8} = {B6BDB870-5AA4-4431-8702-0278D076BDDD}
		{2800F452-1649-4891-822E-1BA512957540} = {B6BDB870-5AA4-4431-8702-0278D076BDDD}
		{B48C465A-00E1-40DE-BCF5-F62C07D21A72} = {DEF8E0F6-1D6E-4464-9C07-B10E02C6416A}
		{AC1B696C-02C9-4D31-B5B1-C5CEDF761F95} = {B48C465A-00E1-40DE-BCF5-F62C07D21A72}
		{06C00AAB-74D9-4019-B707-CD5A57699ED2} = {B48C465A-00E1-40DE-BCF5-F62C07D21A72}
		{94584E21-F370-43D0-86E1-16A62600A82B} = {B48C465A-00E1-40DE-BCF5-F62C07D21A72}
		{4499A103-5AA3-4DF9-8DDE-31D51043BE31} = {B48C465A-00E1-40DE-BCF5-F62C07D21A72}
		{C4821258-D397-4E29-9DFC-6218C0B3F53B} = {DEF8E0F6-1D6E-4464-9C07-B10E02C6416A}
		{4CB19D98-F782-4274-80BF-031ACB433D76} = {C4821258-D397-4E29-9DFC-6218C0B3F53B}
		{F5E0C7A0-4E09-4277-88E4-92C352C127B0} = {C4821258-D397-4E29-9DFC-6218C0B3F53B}
		{2E0EBC76-84F2-444C-9FAF-EAC2A699126B} = {C4821258-D397-4E29-9DFC-6218C0B3F53B}
		{D0221307-D67A-499C-9F10-1DE26546BE20} = {C4821258-D397-4E29-9DFC-6218C0B3F53B}
		{B0B3982B-A3CB-4A8D-AA17-083182FC9104} = {B48C465A-00E1-40DE-BCF5-F62C07D21A72}
		{5BE6DC52-1EFA-4732-AEF4-6902E811AE71} = {C4821258-D397-4E29-9DFC-6218C0B3F53B}
		{6DB2CD4D-C6E3-4AD7-9AEC-7E29EED501F5} = {B6BDB870-5AA4-4431-8702-0278D076BDDD}
		{662ED999-FAD4-4897-A910-CF0221BC723B} = {DEF8E0F6-1D6E-4464-9C07-B10E02C6416A}
		{57671043-AA79-4E93-A68D-B0140B5D42D6} = {662ED999-FAD4-4897-A910-CF0221BC723B}
	EndGlobalSection
EndGlobal
